
Microsoft Visual Studio Solution File, Format Version 12.00
# Visual Studio 2013
VisualStudioVersion = 12.0.21005.1
MinimumVisualStudioVersion = 10.0.40219.1
Project("{FAE04EC0-301F-11D3-BF4B-00C04F79EFBC}") = "GameOfLifeRulesKata", "GameOfLifeRulesKata\GameOfLifeRulesKata.csproj", "{7914C8FC-16B3-4D7D-BE11-6FBD1B2CBCE8}"
EndProject
Project("{FAE04EC0-301F-11D3-BF4B-00C04F79EFBC}") = "GameOfLifeRulesTest", "GameOfLifeRulesTest\GameOfLifeRulesTest.csproj", "{698BC71A-BF6A-4B4E-A60C-2B17D9C50698}"
EndProject
Global
	GlobalSection(SolutionConfigurationPlatforms) = preSolution
		Debug|Any CPU = Debug|Any CPU
		Release|Any CPU = Release|Any CPU
	EndGlobalSection
	GlobalSection(ProjectConfigurationPlatforms) = postSolution
		{7914C8FC-16B3-4D7D-BE11-6FBD1B2CBCE8}.Debug|Any CPU.ActiveCfg = Debug|Any CPU
		{7914C8FC-16B3-4D7D-BE11-6FBD1B2CBCE8}.Debug|Any CPU.Build.0 = Debug|Any CPU
		{7914C8FC-16B3-4D7D-BE11-6FBD1B2CBCE8}.Release|Any CPU.ActiveCfg = Release|Any CPU
		{7914C8FC-16B3-4D7D-BE11-6FBD1B2CBCE8}.Release|Any CPU.Build.0 = Release|Any CPU
		{698BC71A-BF6A-4B4E-A60C-2B17D9C50698}.Debug|Any CPU.ActiveCfg = Debug|Any CPU
		{698BC71A-BF6A-4B4E-A60C-2B17D9C50698}.Debug|Any CPU.Build.0 = Debug|Any CPU
		{698BC71A-BF6A-4B4E-A60C-2B17D9C50698}.Release|Any CPU.ActiveCfg = Release|Any CPU
		{698BC71A-BF6A-4B4E-A60C-2B17D9C50698}.Release|Any CPU.Build.0 = Release|Any CPU
	EndGlobalSection
	GlobalSection(SolutionProperties) = preSolution
		HideSolutionNode = FALSE
	EndGlobalSection
EndGlobal
